Microsoft Visual Studio Solution File, Format Version 12.00
Project("{FAE04EC0-301F-11D3-BF4B-00C04F79EFBC}") = "MyProject", "src\MyProject\MyProject.csproj", "{D8175984-E16F-459D-A810-A66973503336}"
EndProject
Project("{FAE04EC0-301F-11D3-BF4B-00C04F79EFBC}") = "MyProject.Samples", "samples\MyProject.Samples\MyProject.Samples.csproj", "{00B949B6-D366-4850-B067-ED27229021F2}"
EndProject
Project("{FAE04EC0-301F-11D3-BF4B-00C04F79EFBC}") = "MyProject.Tests", "test\MyProject.Tests\MyProject.Tests.csproj", "{A47817E9-6B1D-47AB-B745-3B474FC22B3D}"
EndProject
Project("{2150E333-8FDC-42A3-9474-1A3956D46DE8}") = "src", "src", "{0CB5DEBC-2CB7-49F1-9417-E3583BABDD0F}"
EndProject
Project("{2150E333-8FDC-42A3-9474-1A3956D46DE8}") = "test", "test", "{5EB43499-990F-4B32-A0C4-3813AE3CBE90}"
EndProject
Project("{2150E333-8FDC-42A3-9474-1A3956D46DE8}") = "samples", "samples", "{C193CBD6-0019-4BCB-98B9-3645661DEB5D}"
EndProject
Project("{2150E333-8FDC-42A3-9474-1A3956D46DE8}") = ".solution", ".solution", "{64BC20B9-7A49-4037-B13C-2AB319E2E387}"
	ProjectSection(SolutionItems) = preProject
		.editorconfig = .editorconfig
		.gitignore = .gitignore
		.globalconfig = .globalconfig
		Directory.Build.props = Directory.Build.props
		global.json = global.json
		LICENSE.txt = LICENSE.txt
		README.md = README.md
	EndProjectSection
EndProject
Global
	GlobalSection(SolutionConfigurationPlatforms) = preSolution
		Debug|Any CPU = Debug|Any CPU
		Release|Any CPU = Release|Any CPU
	EndGlobalSection
	GlobalSection(ProjectConfigurationPlatforms) = postSolution
		{D8175984-E16F-459D-A810-A66973503336}.Debug|Any CPU.ActiveCfg = Debug|Any CPU
		{D8175984-E16F-459D-A810-A66973503336}.Debug|Any CPU.Build.0 = Debug|Any CPU
		{D8175984-E16F-459D-A810-A66973503336}.Release|Any CPU.ActiveCfg = Release|Any CPU
		{D8175984-E16F-459D-A810-A66973503336}.Release|Any CPU.Build.0 = Release|Any CPU
		{00B949B6-D366-4850-B067-ED27229021F2}.Debug|Any CPU.ActiveCfg = Debug|Any CPU
		{00B949B6-D366-4850-B067-ED27229021F2}.Debug|Any CPU.Build.0 = Debug|Any CPU
		{00B949B6-D366-4850-B067-ED27229021F2}.Release|Any CPU.ActiveCfg = Release|Any CPU
		{00B949B6-D366-4850-B067-ED27229021F2}.Release|Any CPU.Build.0 = Release|Any CPU
		{A47817E9-6B1D-47AB-B745-3B474FC22B3D}.Debug|Any CPU.ActiveCfg = Debug|Any CPU
		{A47817E9-6B1D-47AB-B745-3B474FC22B3D}.Debug|Any CPU.Build.0 = Debug|Any CPU
		{A47817E9-6B1D-47AB-B745-3B474FC22B3D}.Release|Any CPU.ActiveCfg = Release|Any CPU
		{A47817E9-6B1D-47AB-B745-3B474FC22B3D}.Release|Any CPU.Build.0 = Release|Any CPU
	EndGlobalSection
	GlobalSection(NestedProjects) = preSolution
		{D8175984-E16F-459D-A810-A66973503336} = {0CB5DEBC-2CB7-49F1-9417-E3583BABDD0F}
		{A47817E9-6B1D-47AB-B745-3B474FC22B3D} = {5EB43499-990F-4B32-A0C4-3813AE3CBE90}
		{00B949B6-D366-4850-B067-ED27229021F2} = {C193CBD6-0019-4BCB-98B9-3645661DEB5D}
	EndGlobalSection
EndGlobal
